
Microsoft Visual Studio Solution File, Format Version 12.00
# Visual Studio Version 17
VisualStudioVersion = 17.11.35327.3
MinimumVisualStudioVersion = 10.0.40219.1
Project("{9A19103F-16F7-4668-BE54-9A1E7A4F7556}") = "FlagExplorerBackend.Tests.Integration", "Tests\FlagExplorerBackend.Tests.Integration\FlagExplorerBackend.Tests.Integration.csproj", "{CDE86F5F-637B-4585-893B-9458F0F1B465}"
EndProject
Project("{9A19103F-16F7-4668-BE54-9A1E7A4F7556}") = "FlagExplorerBackend", "FlagExplorerBackend\FlagExplorerBackend.csproj", "{C1FE62DA-459B-491B-845C-34160292BA93}"
EndProject
Project("{9A19103F-16F7-4668-BE54-9A1E7A4F7556}") = "FlagExplorerBackend.Tests.Unit", "Tests\FlagExplorerBackend.Tests.Unit\FlagExplorerBackend.Tests.Unit.csproj", "{4E461A96-325A-4AA5-BFA9-F65E6EABEBE6}"
EndProject
Global
	GlobalSection(SolutionConfigurationPlatforms) = preSolution
		Debug|Any CPU = Debug|Any CPU
		Release|Any CPU = Release|Any CPU
	EndGlobalSection
	GlobalSection(ProjectConfigurationPlatforms) = postSolution
		{CDE86F5F-637B-4585-893B-9458F0F1B465}.Debug|Any CPU.ActiveCfg = Debug|Any CPU
		{CDE86F5F-637B-4585-893B-9458F0F1B465}.Debug|Any CPU.Build.0 = Debug|Any CPU
		{CDE86F5F-637B-4585-893B-9458F0F1B465}.Release|Any CPU.ActiveCfg = Release|Any CPU
		{CDE86F5F-637B-4585-893B-9458F0F1B465}.Release|Any CPU.Build.0 = Release|Any CPU
		{C1FE62DA-459B-491B-845C-34160292BA93}.Debug|Any CPU.ActiveCfg = Debug|Any CPU
		{C1FE62DA-459B-491B-845C-34160292BA93}.Debug|Any CPU.Build.0 = Debug|Any CPU
		{C1FE62DA-459B-491B-845C-34160292BA93}.Release|Any CPU.ActiveCfg = Release|Any CPU
		{C1FE62DA-459B-491B-845C-34160292BA93}.Release|Any CPU.Build.0 = Release|Any CPU
		{4E461A96-325A-4AA5-BFA9-F65E6EABEBE6}.Debug|Any CPU.ActiveCfg = Debug|Any CPU
		{4E461A96-325A-4AA5-BFA9-F65E6EABEBE6}.Debug|Any CPU.Build.0 = Debug|Any CPU
		{4E461A96-325A-4AA5-BFA9-F65E6EABEBE6}.Release|Any CPU.ActiveCfg = Release|Any CPU
		{4E461A96-325A-4AA5-BFA9-F65E6EABEBE6}.Release|Any CPU.Build.0 = Release|Any CPU
	EndGlobalSection
	GlobalSection(SolutionProperties) = preSolution
		HideSolutionNode = FALSE
	EndGlobalSection
	GlobalSection(ExtensibilityGlobals) = postSolution
		SolutionGuid = {BECE6F15-5F9F-47DB-BD9F-D9A40207BDB4}
	EndGlobalSection
EndGlobal
